
Microsoft Visual Studio Solution File, Format Version 12.00
# Visual Studio Version 17
VisualStudioVersion = 17.11.35303.130
MinimumVisualStudioVersion = 10.0.40219.1
Project("{2150E333-8FDC-42A3-9474-1A3956D46DE8}") = "Solution Items", "Solution Items", "{540B5872-F53C-4F19-91CC-0B53E1AF7F8B}"
	ProjectSection(SolutionItems) = preProject
		.editorconfig = .editorconfig
	EndProjectSection
EndProject
Project("{9A19103F-16F7-4668-BE54-9A1E7A4F7556}") = "DataGrid.Contracts", "DataGrid.Contracts\DataGrid.Contracts.csproj", "{BC87655B-FD41-4AAF-A122-4E1798EAEA2E}"
EndProject
Project("{9A19103F-16F7-4668-BE54-9A1E7A4F7556}") = "DataGrid.Storage.Memory", "DataGrid.Storage.Memory\DataGrid.Storage.Memory.csproj", "{C8D3F83B-A5ED-4E17-A0A8-0F63691D2D75}"
EndProject
Project("{9A19103F-16F7-4668-BE54-9A1E7A4F7556}") = "DataGrid.TourManagment", "DataGrid.TourManagment\DataGrid.TourManagment.csproj", "{FC6DF9A8-5563-48A6-A3F8-BD5A3103B5BA}"
EndProject
Project("{FAE04EC0-301F-11D3-BF4B-00C04F79EFBC}") = "TravelAgency_Gavrilova", "TravelAgency_Gavrilova\TravelAgency_Gavrilova.csproj", "{66C65188-BB02-491A-953B-A4312A715C97}"
EndProject
Project("{FAE04EC0-301F-11D3-BF4B-00C04F79EFBC}") = "DataGrid.TourManagment.Test", "DataGrid.TourManagment.Test\DataGrid.TourManagment.Test.csproj", "{A05C4117-7406-471C-BA12-A3375CE3946C}"
EndProject
Project("{FAE04EC0-301F-11D3-BF4B-00C04F79EFBC}") = "DataGrid.Storage.Memory.Test", "DataGrid.Storage.Memory.Test\DataGrid.Storage.Memory.Test.csproj", "{9DCAE5F9-7DB9-4FA8-8FAE-502174733AF1}"
EndProject
Project("{FAE04EC0-301F-11D3-BF4B-00C04F79EFBC}") = "DataGrid.DataStorage.Entity", "DataGrid.DataStorage.Entity\DataGrid.DataStorage.Entity.csproj", "{FA03DBBF-D00B-4592-84A6-BF1BC5FA417B}"
EndProject
Project("{FAE04EC0-301F-11D3-BF4B-00C04F79EFBC}") = "TravelAgency.WebApplication", "TravelAgency.WebApplication\TravelAgency.WebApplication.csproj", "{685BE44C-CFF2-4C29-A0A0-C90F8CB65E68}"
EndProject
Global
	GlobalSection(SolutionConfigurationPlatforms) = preSolution
		Debug|Any CPU = Debug|Any CPU
		Release|Any CPU = Release|Any CPU
	EndGlobalSection
	GlobalSection(ProjectConfigurationPlatforms) = postSolution
		{BC87655B-FD41-4AAF-A122-4E1798EAEA2E}.Debug|Any CPU.ActiveCfg = Debug|Any CPU
		{BC87655B-FD41-4AAF-A122-4E1798EAEA2E}.Debug|Any CPU.Build.0 = Debug|Any CPU
		{BC87655B-FD41-4AAF-A122-4E1798EAEA2E}.Release|Any CPU.ActiveCfg = Release|Any CPU
		{BC87655B-FD41-4AAF-A122-4E1798EAEA2E}.Release|Any CPU.Build.0 = Release|Any CPU
		{C8D3F83B-A5ED-4E17-A0A8-0F63691D2D75}.Debug|Any CPU.ActiveCfg = Debug|Any CPU
		{C8D3F83B-A5ED-4E17-A0A8-0F63691D2D75}.Debug|Any CPU.Build.0 = Debug|Any CPU
		{C8D3F83B-A5ED-4E17-A0A8-0F63691D2D75}.Release|Any CPU.ActiveCfg = Release|Any CPU
		{C8D3F83B-A5ED-4E17-A0A8-0F63691D2D75}.Release|Any CPU.Build.0 = Release|Any CPU
		{FC6DF9A8-5563-48A6-A3F8-BD5A3103B5BA}.Debug|Any CPU.ActiveCfg = Debug|Any CPU
		{FC6DF9A8-5563-48A6-A3F8-BD5A3103B5BA}.Debug|Any CPU.Build.0 = Debug|Any CPU
		{FC6DF9A8-5563-48A6-A3F8-BD5A3103B5BA}.Release|Any CPU.ActiveCfg = Release|Any CPU
		{FC6DF9A8-5563-48A6-A3F8-BD5A3103B5BA}.Release|Any CPU.Build.0 = Release|Any CPU
		{66C65188-BB02-491A-953B-A4312A715C97}.Debug|Any CPU.ActiveCfg = Debug|Any CPU
		{66C65188-BB02-491A-953B-A4312A715C97}.Debug|Any CPU.Build.0 = Debug|Any CPU
		{66C65188-BB02-491A-953B-A4312A715C97}.Release|Any CPU.ActiveCfg = Release|Any CPU
		{66C65188-BB02-491A-953B-A4312A715C97}.Release|Any CPU.Build.0 = Release|Any CPU
		{A05C4117-7406-471C-BA12-A3375CE3946C}.Debug|Any CPU.ActiveCfg = Debug|Any CPU
		{A05C4117-7406-471C-BA12-A3375CE3946C}.Debug|Any CPU.Build.0 = Debug|Any CPU
		{A05C4117-7406-471C-BA12-A3375CE3946C}.Release|Any CPU.ActiveCfg = Release|Any CPU
		{A05C4117-7406-471C-BA12-A3375CE3946C}.Release|Any CPU.Build.0 = Release|Any CPU
		{9DCAE5F9-7DB9-4FA8-8FAE-502174733AF1}.Debug|Any CPU.ActiveCfg = Debug|Any CPU
		{9DCAE5F9-7DB9-4FA8-8FAE-502174733AF1}.Debug|Any CPU.Build.0 = Debug|Any CPU
		{9DCAE5F9-7DB9-4FA8-8FAE-502174733AF1}.Release|Any CPU.ActiveCfg = Release|Any CPU
		{9DCAE5F9-7DB9-4FA8-8FAE-502174733AF1}.Release|Any CPU.Build.0 = Release|Any CPU
		{FA03DBBF-D00B-4592-84A6-BF1BC5FA417B}.Debug|Any CPU.ActiveCfg = Debug|Any CPU
		{FA03DBBF-D00B-4592-84A6-BF1BC5FA417B}.Debug|Any CPU.Build.0 = Debug|Any CPU
		{FA03DBBF-D00B-4592-84A6-BF1BC5FA417B}.Release|Any CPU.ActiveCfg = Release|Any CPU
		{FA03DBBF-D00B-4592-84A6-BF1BC5FA417B}.Release|Any CPU.Build.0 = Release|Any CPU
		{685BE44C-CFF2-4C29-A0A0-C90F8CB65E68}.Debug|Any CPU.ActiveCfg = Debug|Any CPU
		{685BE44C-CFF2-4C29-A0A0-C90F8CB65E68}.Debug|Any CPU.Build.0 = Debug|Any CPU
		{685BE44C-CFF2-4C29-A0A0-C90F8CB65E68}.Release|Any CPU.ActiveCfg = Release|Any CPU
		{685BE44C-CFF2-4C29-A0A0-C90F8CB65E68}.Release|Any CPU.Build.0 = Release|Any CPU
	EndGlobalSection
	GlobalSection(SolutionProperties) = preSolution
		HideSolutionNode = FALSE
	EndGlobalSection
	GlobalSection(ExtensibilityGlobals) = postSolution
		SolutionGuid = {8C94A9EF-B9E9-4455-9DD1-EDDB827F283C}
	EndGlobalSection
EndGlobal
